
Microsoft Visual Studio Solution File, Format Version 12.00
# Visual Studio 15
VisualStudioVersion = 15.0.27130.2026
MinimumVisualStudioVersion = 10.0.40219.1
Project("{FAE04EC0-301F-11D3-BF4B-00C04F79EFBC}") = "Problem_02_Rectangle Area", "Problem_02_Rectangle Area\Problem_02_Rectangle Area.csproj", "{07292B03-FC14-4330-B62E-FF3CCC89E784}"
EndProject
Global
	GlobalSection(SolutionConfigurationPlatforms) = preSolution
		Debug|Any CPU = Debug|Any CPU
		Release|Any CPU = Release|Any CPU
	EndGlobalSection
	GlobalSection(ProjectConfigurationPlatforms) = postSolution
		{07292B03-FC14-4330-B62E-FF3CCC89E784}.Debug|Any CPU.ActiveCfg = Debug|Any CPU
		{07292B03-FC14-4330-B62E-FF3CCC89E784}.Debug|Any CPU.Build.0 = Debug|Any CPU
		{07292B03-FC14-4330-B62E-FF3CCC89E784}.Release|Any CPU.ActiveCfg = Release|Any CPU
		{07292B03-FC14-4330-B62E-FF3CCC89E784}.Release|Any CPU.Build.0 = Release|Any CPU
	EndGlobalSection
	GlobalSection(SolutionProperties) = preSolution
		HideSolutionNode = FALSE
	EndGlobalSection
	GlobalSection(ExtensibilityGlobals) = postSolution
		SolutionGuid = {B7FABD17-9A09-4DAB-A03C-57B4110EB1FA}
	EndGlobalSection
EndGlobal
